
Microsoft Visual Studio Solution File, Format Version 12.00
# Visual Studio 15
VisualStudioVersion = 15.0.27004.2009
MinimumVisualStudioVersion = 10.0.40219.1
Project("{8BC9CEB8-8B4A-11D0-8D11-00A0C91BC942}") = "Code", "Computer_Graphics\Computer_Graphics.vcxproj", "{B2B34BB8-7F1A-4316-B394-E12797975C08}"
EndProject
Project("{8BC9CEB8-8B4A-11D0-8D11-00A0C91BC942}") = "OpenGLTest1", "OpenGLTest\OpenGLTest.vcxproj", "{1FB6863F-5F8D-4B2E-808B-57D13D16287E}"
EndProject
Project("{8BC9CEB8-8B4A-11D0-8D11-00A0C91BC942}") = "OpenGLTest2", "OpenGLTest2\OpenGLTest2.vcxproj", "{6CE514F8-16AA-4483-B8C4-CB185ABB701E}"
EndProject
Project("{8BC9CEB8-8B4A-11D0-8D11-00A0C91BC942}") = "OpenGLTest4", "OpenGLTest4\OpenGLTest4.vcxproj", "{ECD16982-071F-4B20-B7F8-786C78D2DEBB}"
EndProject
Project("{8BC9CEB8-8B4A-11D0-8D11-00A0C91BC942}") = "Mapping", "Mapping\Mapping.vcxproj", "{73B27A8C-53C8-41A8-B44D-C7A11EF5D715}"
EndProject
Project("{8BC9CEB8-8B4A-11D0-8D11-00A0C91BC942}") = "RedBlueTriangle", "RedBlueTriangle\RedBlueTriangle.vcxproj", "{162A92C5-3177-439D-9F58-6BE842713734}"
EndProject
Project("{8BC9CEB8-8B4A-11D0-8D11-00A0C91BC942}") = "OpenGLTest3", "OpenGLTest3\OpenGLTest3.vcxproj", "{75D8F358-1793-4D7E-9971-2400697A8B2C}"
EndProject
Project("{8BC9CEB8-8B4A-11D0-8D11-00A0C91BC942}") = "OpenGLExp01", "OpenGLExp01\OpenGLExp01.vcxproj", "{D6B59FF0-628B-47A3-B36A-A5053F84CF33}"
EndProject
Project("{8BC9CEB8-8B4A-11D0-8D11-00A0C91BC942}") = "OpenGLExp02", "OpenGLExp02\OpenGLExp02.vcxproj", "{3AF19651-3758-4443-B57E-0107A9DFD99C}"
EndProject
Project("{8BC9CEB8-8B4A-11D0-8D11-00A0C91BC942}") = "OpenGLExp03", "OpenGLExp03\OpenGLExp03.vcxproj", "{33902BD0-8804-4AA0-B9D9-B25F465DC7DA}"
EndProject
Project("{8BC9CEB8-8B4A-11D0-8D11-00A0C91BC942}") = "HDRTest02", "HDRTest02\HDRTest02.vcxproj", "{14115798-3D6A-4170-BE0C-0A0335B02895}"
EndProject
Project("{8BC9CEB8-8B4A-11D0-8D11-00A0C91BC942}") = "HDRTest03", "HDRTest03\HDRTest03.vcxproj", "{4F95C7FF-1AC9-4B17-8575-7EC06BD3EC79}"
EndProject
Global
	GlobalSection(SolutionConfigurationPlatforms) = preSolution
		Debug|x64 = Debug|x64
		Debug|x86 = Debug|x86
		Release|x64 = Release|x64
		Release|x86 = Release|x86
	EndGlobalSection
	GlobalSection(ProjectConfigurationPlatforms) = postSolution
		{B2B34BB8-7F1A-4316-B394-E12797975C08}.Debug|x64.ActiveCfg = Debug|x64
		{B2B34BB8-7F1A-4316-B394-E12797975C08}.Debug|x64.Build.0 = Debug|x64
		{B2B34BB8-7F1A-4316-B394-E12797975C08}.Debug|x86.ActiveCfg = Debug|Win32
		{B2B34BB8-7F1A-4316-B394-E12797975C08}.Debug|x86.Build.0 = Debug|Win32
		{B2B34BB8-7F1A-4316-B394-E12797975C08}.Release|x64.ActiveCfg = Release|x64
		{B2B34BB8-7F1A-4316-B394-E12797975C08}.Release|x64.Build.0 = Release|x64
		{B2B34BB8-7F1A-4316-B394-E12797975C08}.Release|x86.ActiveCfg = Release|Win32
		{B2B34BB8-7F1A-4316-B394-E12797975C08}.Release|x86.Build.0 = Release|Win32
		{1FB6863F-5F8D-4B2E-808B-57D13D16287E}.Debug|x64.ActiveCfg = Debug|x64
		{1FB6863F-5F8D-4B2E-808B-57D13D16287E}.Debug|x64.Build.0 = Debug|x64
		{1FB6863F-5F8D-4B2E-808B-57D13D16287E}.Debug|x86.ActiveCfg = Debug|Win32
		{1FB6863F-5F8D-4B2E-808B-57D13D16287E}.Debug|x86.Build.0 = Debug|Win32
		{1FB6863F-5F8D-4B2E-808B-57D13D16287E}.Release|x64.ActiveCfg = Release|x64
		{1FB6863F-5F8D-4B2E-808B-57D13D16287E}.Release|x64.Build.0 = Release|x64
		{1FB6863F-5F8D-4B2E-808B-57D13D16287E}.Release|x86.ActiveCfg = Release|Win32
		{1FB6863F-5F8D-4B2E-808B-57D13D16287E}.Release|x86.Build.0 = Release|Win32
		{6CE514F8-16AA-4483-B8C4-CB185ABB701E}.Debug|x64.ActiveCfg = Debug|x64
		{6CE514F8-16AA-4483-B8C4-CB185ABB701E}.Debug|x64.Build.0 = Debug|x64
		{6CE514F8-16AA-4483-B8C4-CB185ABB701E}.Debug|x86.ActiveCfg = Debug|Win32
		{6CE514F8-16AA-4483-B8C4-CB185ABB701E}.Debug|x86.Build.0 = Debug|Win32
		{6CE514F8-16AA-4483-B8C4-CB185ABB701E}.Release|x64.ActiveCfg = Release|x64
		{6CE514F8-16AA-4483-B8C4-CB185ABB701E}.Release|x64.Build.0 = Release|x64
		{6CE514F8-16AA-4483-B8C4-CB185ABB701E}.Release|x86.ActiveCfg = Release|Win32
		{6CE514F8-16AA-4483-B8C4-CB185ABB701E}.Release|x86.Build.0 = Release|Win32
		{ECD16982-071F-4B20-B7F8-786C78D2DEBB}.Debug|x64.ActiveCfg = Debug|x64
		{ECD16982-071F-4B20-B7F8-786C78D2DEBB}.Debug|x64.Build.0 = Debug|x64
		{ECD16982-071F-4B20-B7F8-786C78D2DEBB}.Debug|x86.ActiveCfg = Debug|Win32
		{ECD16982-071F-4B20-B7F8-786C78D2DEBB}.Debug|x86.Build.0 = Debug|Win32
		{ECD16982-071F-4B20-B7F8-786C78D2DEBB}.Release|x64.ActiveCfg = Release|x64
		{ECD16982-071F-4B20-B7F8-786C78D2DEBB}.Release|x64.Build.0 = Release|x64
		{ECD16982-071F-4B20-B7F8-786C78D2DEBB}.Release|x86.ActiveCfg = Release|Win32
		{ECD16982-071F-4B20-B7F8-786C78D2DEBB}.Release|x86.Build.0 = Release|Win32
		{73B27A8C-53C8-41A8-B44D-C7A11EF5D715}.Debug|x64.ActiveCfg = Debug|x64
		{73B27A8C-53C8-41A8-B44D-C7A11EF5D715}.Debug|x64.Build.0 = Debug|x64
		{73B27A8C-53C8-41A8-B44D-C7A11EF5D715}.Debug|x86.ActiveCfg = Debug|Win32
		{73B27A8C-53C8-41A8-B44D-C7A11EF5D715}.Debug|x86.Build.0 = Debug|Win32
		{73B27A8C-53C8-41A8-B44D-C7A11EF5D715}.Release|x64.ActiveCfg = Release|x64
		{73B27A8C-53C8-41A8-B44D-C7A11EF5D715}.Release|x64.Build.0 = Release|x64
		{73B27A8C-53C8-41A8-B44D-C7A11EF5D715}.Release|x86.ActiveCfg = Release|Win32
		{73B27A8C-53C8-41A8-B44D-C7A11EF5D715}.Release|x86.Build.0 = Release|Win32
		{162A92C5-3177-439D-9F58-6BE842713734}.Debug|x64.ActiveCfg = Debug|x64
		{162A92C5-3177-439D-9F58-6BE842713734}.Debug|x64.Build.0 = Debug|x64
		{162A92C5-3177-439D-9F58-6BE842713734}.Debug|x86.ActiveCfg = Debug|Win32
		{162A92C5-3177-439D-9F58-6BE842713734}.Debug|x86.Build.0 = Debug|Win32
		{162A92C5-3177-439D-9F58-6BE842713734}.Release|x64.ActiveCfg = Release|x64
		{162A92C5-3177-439D-9F58-6BE842713734}.Release|x64.Build.0 = Release|x64
		{162A92C5-3177-439D-9F58-6BE842713734}.Release|x86.ActiveCfg = Release|Win32
		{162A92C5-3177-439D-9F58-6BE842713734}.Release|x86.Build.0 = Release|Win32
		{75D8F358-1793-4D7E-9971-2400697A8B2C}.Debug|x64.ActiveCfg = Debug|x64
		{75D8F358-1793-4D7E-9971-2400697A8B2C}.Debug|x64.Build.0 = Debug|x64
		{75D8F358-1793-4D7E-9971-2400697A8B2C}.Debug|x86.ActiveCfg = Debug|Win32
		{75D8F358-1793-4D7E-9971-2400697A8B2C}.Debug|x86.Build.0 = Debug|Win32
		{75D8F358-1793-4D7E-9971-2400697A8B2C}.Release|x64.ActiveCfg = Release|x64
		{75D8F358-1793-4D7E-9971-2400697A8B2C}.Release|x64.Build.0 = Release|x64
		{75D8F358-1793-4D7E-9971-2400697A8B2C}.Release|x86.ActiveCfg = Release|Win32
		{75D8F358-1793-4D7E-9971-2400697A8B2C}.Release|x86.Build.0 = Release|Win32
		{D6B59FF0-628B-47A3-B36A-A5053F84CF33}.Debug|x64.ActiveCfg = Debug|x64
		{D6B59FF0-628B-47A3-B36A-A5053F84CF33}.Debug|x64.Build.0 = Debug|x64
		{D6B59FF0-628B-47A3-B36A-A5053F84CF33}.Debug|x86.ActiveCfg = Debug|Win32
		{D6B59FF0-628B-47A3-B36A-A5053F84CF33}.Debug|x86.Build.0 = Debug|Win32
		{D6B59FF0-628B-47A3-B36A-A5053F84CF33}.Release|x64.ActiveCfg = Release|x64
		{D6B59FF0-628B-47A3-B36A-A5053F84CF33}.Release|x64.Build.0 = Release|x64
		{D6B59FF0-628B-47A3-B36A-A5053F84CF33}.Release|x86.ActiveCfg = Release|Win32
		{D6B59FF0-628B-47A3-B36A-A5053F84CF33}.Release|x86.Build.0 = Release|Win32
		{3AF19651-3758-4443-B57E-0107A9DFD99C}.Debug|x64.ActiveCfg = Debug|x64
		{3AF19651-3758-4443-B57E-0107A9DFD99C}.Debug|x64.Build.0 = Debug|x64
		{3AF19651-3758-4443-B57E-0107A9DFD99C}.Debug|x86.ActiveCfg = Debug|Win32
		{3AF19651-3758-4443-B57E-0107A9DFD99C}.Debug|x86.Build.0 = Debug|Win32
		{3AF19651-3758-4443-B57E-0107A9DFD99C}.Release|x64.ActiveCfg = Release|x64
		{3AF19651-3758-4443-B57E-0107A9DFD99C}.Release|x64.Build.0 = Release|x64
		{3AF19651-3758-4443-B57E-0107A9DFD99C}.Release|x86.ActiveCfg = Release|Win32
		{3AF19651-3758-4443-B57E-0107A9DFD99C}.Release|x86.Build.0 = Release|Win32
		{33902BD0-8804-4AA0-B9D9-B25F465DC7DA}.Debug|x64.ActiveCfg = Debug|x64
		{33902BD0-8804-4AA0-B9D9-B25F465DC7DA}.Debug|x64.Build.0 = Debug|x64
		{33902BD0-8804-4AA0-B9D9-B25F465DC7DA}.Debug|x86.ActiveCfg = Debug|Win32
		{33902BD0-8804-4AA0-B9D9-B25F465DC7DA}.Debug|x86.Build.0 = Debug|Win32
		{33902BD0-8804-4AA0-B9D9-B25F465DC7DA}.Release|x64.ActiveCfg = Release|x64
		{33902BD0-8804-4AA0-B9D9-B25F465DC7DA}.Release|x64.Build.0 = Release|x64
		{33902BD0-8804-4AA0-B9D9-B25F465DC7DA}.Release|x86.ActiveCfg = Release|Win32
		{33902BD0-8804-4AA0-B9D9-B25F465DC7DA}.Release|x86.Build.0 = Release|Win32
		{14115798-3D6A-4170-BE0C-0A0335B02895}.Debug|x64.ActiveCfg = Debug|x64
		{14115798-3D6A-4170-BE0C-0A0335B02895}.Debug|x64.Build.0 = Debug|x64
		{14115798-3D6A-4170-BE0C-0A0335B02895}.Debug|x86.ActiveCfg = Debug|Win32
		{14115798-3D6A-4170-BE0C-0A0335B02895}.Debug|x86.Build.0 = Debug|Win32
		{14115798-3D6A-4170-BE0C-0A0335B02895}.Release|x64.ActiveCfg = Release|x64
		{14115798-3D6A-4170-BE0C-0A0335B02895}.Release|x64.Build.0 = Release|x64
		{14115798-3D6A-4170-BE0C-0A0335B02895}.Release|x86.ActiveCfg = Release|Win32
		{14115798-3D6A-4170-BE0C-0A0335B02895}.Release|x86.Build.0 = Release|Win32
		{4F95C7FF-1AC9-4B17-8575-7EC06BD3EC79}.Debug|x64.ActiveCfg = Debug|x64
		{4F95C7FF-1AC9-4B17-8575-7EC06BD3EC79}.Debug|x64.Build.0 = Debug|x64
		{4F95C7FF-1AC9-4B17-8575-7EC06BD3EC79}.Debug|x86.ActiveCfg = Debug|Win32
		{4F95C7FF-1AC9-4B17-8575-7EC06BD3EC79}.Debug|x86.Build.0 = Debug|Win32
		{4F95C7FF-1AC9-4B17-8575-7EC06BD3EC79}.Release|x64.ActiveCfg = Release|x64
		{4F95C7FF-1AC9-4B17-8575-7EC06BD3EC79}.Release|x64.Build.0 = Release|x64
		{4F95C7FF-1AC9-4B17-8575-7EC06BD3EC79}.Release|x86.ActiveCfg = Release|Win32
		{4F95C7FF-1AC9-4B17-8575-7EC06BD3EC79}.Release|x86.Build.0 = Release|Win32
	EndGlobalSection
	GlobalSection(SolutionProperties) = preSolution
		HideSolutionNode = FALSE
	EndGlobalSection
	GlobalSection(ExtensibilityGlobals) = postSolution
		SolutionGuid = {EBB71B69-BE0F-46D2-BE09-39E629968666}
	EndGlobalSection
EndGlobal
